
Microsoft Visual Studio Solution File, Format Version 12.00
# Visual Studio Version 17
VisualStudioVersion = 17.0.32002.185
MinimumVisualStudioVersion = 10.0.40219.1
Project("{8BC9CEB8-8B4A-11D0-8D11-00A0C91BC942}") = "AutoBazaN", "AutoBazaN\AutoBazaN.vcxproj", "{72B1266C-4352-43A5-AD13-5BD85458D38E}"
EndProject
Global
	GlobalSection(SolutionConfigurationPlatforms) = preSolution
		Debug|x64 = Debug|x64
		Debug|x86 = Debug|x86
		Release|x64 = Release|x64
		Release|x86 = Release|x86
	EndGlobalSection
	GlobalSection(ProjectConfigurationPlatforms) = postSolution
		{72B1266C-4352-43A5-AD13-5BD85458D38E}.Debug|x64.ActiveCfg = Debug|x64
		{72B1266C-4352-43A5-AD13-5BD85458D38E}.Debug|x64.Build.0 = Debug|x64
		{72B1266C-4352-43A5-AD13-5BD85458D38E}.Debug|x86.ActiveCfg = Debug|Win32
		{72B1266C-4352-43A5-AD13-5BD85458D38E}.Debug|x86.Build.0 = Debug|Win32
		{72B1266C-4352-43A5-AD13-5BD85458D38E}.Release|x64.ActiveCfg = Release|x64
		{72B1266C-4352-43A5-AD13-5BD85458D38E}.Release|x64.Build.0 = Release|x64
		{72B1266C-4352-43A5-AD13-5BD85458D38E}.Release|x86.ActiveCfg = Release|Win32
		{72B1266C-4352-43A5-AD13-5BD85458D38E}.Release|x86.Build.0 = Release|Win32
	EndGlobalSection
	GlobalSection(SolutionProperties) = preSolution
		HideSolutionNode = FALSE
	EndGlobalSection
	GlobalSection(ExtensibilityGlobals) = postSolution
		SolutionGuid = {7BAAB0ED-992F-4EEB-9CB4-BA6D212E7F91}
	EndGlobalSection
EndGlobal
